
Microsoft Visual Studio Solution File, Format Version 12.00
# Visual Studio Version 16
VisualStudioVersion = 16.0.31321.278
MinimumVisualStudioVersion = 10.0.40219.1
Project("{FAE04EC0-301F-11D3-BF4B-00C04F79EFBC}") = "PaymenrOrderAPI", "PaymenrOrderAPI.csproj", "{58480E43-4CA0-476B-8A04-F6A2657A767F}"
EndProject
Global
	GlobalSection(SolutionConfigurationPlatforms) = preSolution
		Debug|Any CPU = Debug|Any CPU
		Release|Any CPU = Release|Any CPU
	EndGlobalSection
	GlobalSection(ProjectConfigurationPlatforms) = postSolution
		{58480E43-4CA0-476B-8A04-F6A2657A767F}.Debug|Any CPU.ActiveCfg = Debug|Any CPU
		{58480E43-4CA0-476B-8A04-F6A2657A767F}.Debug|Any CPU.Build.0 = Debug|Any CPU
		{58480E43-4CA0-476B-8A04-F6A2657A767F}.Release|Any CPU.ActiveCfg = Release|Any CPU
		{58480E43-4CA0-476B-8A04-F6A2657A767F}.Release|Any CPU.Build.0 = Release|Any CPU
	EndGlobalSection
	GlobalSection(SolutionProperties) = preSolution
		HideSolutionNode = FALSE
	EndGlobalSection
	GlobalSection(ExtensibilityGlobals) = postSolution
		SolutionGuid = {69BC3352-52A8-4F06-B052-FDFF763B7C68}
	EndGlobalSection
EndGlobal
